// !$*UTF8*$!
{
	archiveVersion = 1;
	classes = {
	};
	objectVersion = 46;
	objects = {

/* Begin PBXBuildFile section */
		76ACECE81DE429C5004929AD /* AppDelegate.swift in Sources */ = {isa = PBXBuildFile; fileRef = 76ACECE71DE429C5004929AD /* AppDelegate.swift */; };
		76ACECEA1DE429C5004929AD /* ViewController.swift in Sources */ = {isa = PBXBuildFile; fileRef = 76ACECE91DE429C5004929AD /* ViewController.swift */; };
		76ACECED1DE429C5004929AD /* Main.storyboard in Resources */ = {isa = PBXBuildFile; fileRef = 76ACECEB1DE429C5004929AD /* Main.storyboard */; };
		76ACECEF1DE429C5004929AD /* Assets.xcassets in Resources */ = {isa = PBXBuildFile; fileRef = 76ACECEE1DE429C5004929AD /* Assets.xcassets */; };
		76ACECF21DE429C5004929AD /* LaunchScreen.storyboard in Resources */ = {isa = PBXBuildFile; fileRef = 76ACECF01DE429C5004929AD /* LaunchScreen.storyboard */; };
/* End PBXBuildFile section */

/* Begin PBXFileReference section */
		76ACECE41DE429C5004929AD /* class1.app */ = {isa = PBXFileReference; explicitFileType = wrapper.application; includeInIndex = 0; path = class1.app; sourceTree = BUILT_PRODUCTS_DIR; };
		76ACECE71DE429C5004929AD /* AppDelegate.swift */ = {isa = PBXFileReference; lastKnownFileType = sourcecode.swift; path = AppDelegate.swift; sourceTree = "<group>"; };
		76ACECE91DE429C5004929AD /* ViewController.swift */ = {isa = PBXFileReference; lastKnownFileType = sourcecode.swift; path = ViewController.swift; sourceTree = "<group>"; };
		76ACECEC1DE429C5004929AD /* Base */ = {isa = PBXFileReference; lastKnownFileType = file.storyboard; name = Base; path = Base.lproj/Main.storyboard; sourceTree = "<group>"; };
		76ACECEE1DE429C5004929AD /* Assets.xcassets */ = {isa = PBXFileReference; lastKnownFileType = folder.assetcatalog; path = Assets.xcassets; sourceTree = "<group>"; };
		76ACECF11DE429C5004929AD /* Base */ = {isa = PBXFileReference; lastKnownFileType = file.storyboard; name = Base; path = Base.lproj/LaunchScreen.storyboard; sourceTree = "<group>"; };
		76ACECF31DE429C5004929AD /* Info.plist */ = {isa = PBXFileReference; lastKnownFileType = text.plist.xml; path = Info.plist; sourceTree = "<group>"; };
/* End PBXFileReference section */

/* Begin PBXFrameworksBuildPhase section */
		76ACECE11DE429C5004929AD /* Frameworks */ = {
			isa = PBXFrameworksBuildPhase;
			buildActionMask = 2147483647;
			files = (
			);
			runOnlyForDeploymentPostprocessing = 0;
		};
/* End PBXFrameworksBuildPhase section */

/* Begin PBXGroup section */
		76ACECDB1DE429C4004929AD = {
			isa = PBXGroup;
			children = (
				76ACECE61DE429C5004929AD /* class1 */,
				76ACECE51DE429C5004929AD /* Products */,
			);
			sourceTree = "<group>";
		};
		76ACECE51DE429C5004929AD /* Products */ = {
			isa = PBXGroup;
			children = (
				76ACECE41DE429C5004929AD /* class1.app */,
			);
			name = Products;
			sourceTree = "<group>";
		};
		76ACECE61DE429C5004929AD /* class1 */ = {
			isa = PBXGroup;
			children = (
				76ACECE71DE429C5004929AD /* AppDelegate.swift */,
				76ACECE91DE429C5004929AD /* ViewController.swift */,
				76ACECEB1DE429C5004929AD /* Main.storyboard */,
				76ACECEE1DE429C5004929AD /* Assets.xcassets */,
				76ACECF01DE429C5004929AD /* LaunchScreen.storyboard */,
				76ACECF31DE429C5004929AD /* Info.plist */,
			);
			path = class1;
			sourceTree = "<group>";
		};
/* End PBXGroup section */

/* Begin PBXNativeTarget section */
		76ACECE31DE429C5004929AD /* class1 */ = {
			isa = PBXNativeTarget;
			buildConfigurationList = 76ACECF61DE429C5004929AD /* Build configuration list for PBXNativeTarget "class1" */;
			buildPhases = (
				76ACECE01DE429C5004929AD /* Sources */,
				76ACECE11DE429C5004929AD /* Frameworks */,
				76ACECE21DE429C5004929AD /* Resources */,
			);
			buildRules = (
			);
			dependencies = (
			);
			name = class1;
			productName = class1;
			productReference = 76ACECE41DE429C5004929AD /* class1.app */;
			productType = "com.apple.product-type.application";
		};
/* End PBXNativeTarget section */

/* Begin PBXProject section */
		76ACECDC1DE429C4004929AD /* Project object */ = {
			isa = PBXProject;
			attributes = {
				LastSwiftUpdateCheck = 0820;
				LastUpgradeCheck = 0820;
				ORGANIZATIONNAME = Liu;
				TargetAttributes = {
					76ACECE31DE429C5004929AD = {
						CreatedOnToolsVersion = 8.2;
						ProvisioningStyle = Automatic;
					};
				};
			};
			buildConfigurationList = 76ACECDF1DE429C4004929AD /* Build configuration list for PBXProject "class1" */;
			compatibilityVersion = "Xcode 3.2";
			developmentRegion = English;
			hasScannedForEncodings = 0;
			knownRegions = (
				en,
				Base,
			);
			mainGroup = 76ACECDB1DE429C4004929AD;
			productRefGroup = 76ACECE51DE429C5004929AD /* Products */;
			projectDirPath = "";
			projectRoot = "";
			targets = (
				76ACECE31DE429C5004929AD /* class1 */,
			);
		};
/* End PBXProject section */

/* Begin PBXResourcesBuildPhase section */
		76ACECE21DE429C5004929AD /* Resources */ = {
			isa = PBXResourcesBuildPhase;
			buildActionMask = 2147483647;
			files = (
				76ACECF21DE429C5004929AD /* LaunchScreen.storyboard in Resources */,
				76ACECEF1DE429C5004929AD /* Assets.xcassets in Resources */,
				76ACECED1DE429C5004929AD /* Main.storyboard in Resources */,
			);
			runOnlyForDeploymentPostprocessing = 0;
		};
/* End PBXResourcesBuildPhase section */

/* Begin PBXSourcesBuildPhase section */
		76ACECE01DE429C5004929AD /* Sources */ = {
			isa = PBXSourcesBuildPhase;
			buildActionMask = 2147483647;
			files = (
				76ACECEA1DE429C5004929AD /* ViewController.swift in Sources */,
				76ACECE81DE429C5004929AD /* AppDelegate.swift in Sources */,
			);
			runOnlyForDeploymentPostprocessing = 0;
		};
/* End PBXSourcesBuildPhase section */

/* Begin PBXVariantGroup section */
		76ACECEB1DE429C5004929AD /* Main.storyboard */ = {
			isa = PBXVariantGroup;
			children = (
				76ACECEC1DE429C5004929AD /* Base */,
			);
			name = Main.storyboard;
			sourceTree = "<group>";
		};
		76ACECF01DE429C5004929AD /* LaunchScreen.storyboard */ = {
			isa = PBXVariantGroup;
			children = (
				76ACECF11DE429C5004929AD /* Base */,
			);
			name = LaunchScreen.storyboard;
			sourceTree = "<group>";
		};
/* End PBXVariantGroup section */

/* Begin XCBuildConfiguration section */
		76ACECF41DE429C5004929AD /* Debug */ = {
			isa = XCBuildConfiguration;
			buildSettings = {
				ALWAYS_SEARCH_USER_PATHS = NO;
				CLANG_ANALYZER_NONNULL = YES;
				CLANG_CXX_LANGUAGE_STANDARD = "gnu++0x";
				CLANG_CXX_LIBRARY = "libc++";
				CLANG_ENABLE_MODULES = YES;
				CLANG_ENABLE_OBJC_ARC = YES;
				CLANG_WARN_BOOL_CONVERSION = YES;
				CLANG_WARN_CONSTANT_CONVERSION = YES;
				CLANG_WARN_DIRECT_OBJC_ISA_USAGE = YES_ERROR;
				CLANG_WARN_DOCUMENTATION_COMMENTS = YES;
				CLANG_WARN_EMPTY_BODY = YES;
				CLANG_WARN_ENUM_CONVERSION = YES;
				CLANG_WARN_INFINITE_RECURSION = YES;
				CLANG_WARN_INT_CONVERSION = YES;
				CLANG_WARN_OBJC_ROOT_CLASS = YES_ERROR;
				CLANG_WARN_SUSPICIOUS_MOVE = YES;
				CLANG_WARN_UNREACHABLE_CODE = YES;
				CLANG_WARN__DUPLICATE_METHOD_MATCH = YES;
				"CODE_SIGN_IDENTITY[sdk=iphoneos*]" = "iPhone Developer";
				COPY_PHASE_STRIP = NO;
				DEBUG_INFORMATION_FORMAT = dwarf;
				ENABLE_STRICT_OBJC_MSGSEND = YES;
				ENABLE_TESTABILITY = YES;
				GCC_C_LANGUAGE_STANDARD = gnu99;
				GCC_DYNAMIC_NO_PIC = NO;
				GCC_NO_COMMON_BLOCKS = YES;
				GCC_OPTIMIZATION_LEVEL = 0;
				GCC_PREPROCESSOR_DEFINITIONS = (
					"DEBUG=1",
					"$(inherited)",
				);
				GCC_WARN_64_TO_32_BIT_CONVERSION = YES;
				GCC_WARN_ABOUT_RETURN_TYPE = YES_ERROR;
				GCC_WARN_UNDECLARED_SELECTOR = YES;
				GCC_WARN_UNINITIALIZED_AUTOS = YES_AGGRESSIVE;
				GCC_WARN_UNUSED_FUNCTION = YES;
				GCC_WARN_UNUSED_VARIABLE = YES;
				IPHONEOS_DEPLOYMENT_TARGET = 10.2;
				MTL_ENABLE_DEBUG_INFO = YES;
				ONLY_ACTIVE_ARCH = YES;
				SDKROOT = iphoneos;
				SWIFT_ACTIVE_COMPILATION_CONDITIONS = DEBUG;
				SWIFT_OPTIMIZATION_LEVEL = "-Onone";
			};
			name = Debug;
		};
		76ACECF51DE429C5004929AD /* Release */ = {
			isa = XCBuildConfiguration;
			buildSettings = {
				ALWAYS_SEARCH_USER_PATHS = NO;
				CLANG_ANALYZER_NONNULL = YES;
				CLANG_CXX_LANGUAGE_STANDARD = "gnu++0x";
				CLANG_CXX_LIBRARY = "libc++";
				CLANG_ENABLE_MODULES = YES;
				CLANG_ENABLE_OBJC_ARC = YES;
				CLANG_WARN_BOOL_CONVERSION = YES;
				CLANG_WARN_CONSTANT_CONVERSION = YES;
				CLANG_WARN_DIRECT_OBJC_ISA_USAGE = YES_ERROR;
				CLANG_WARN_DOCUMENTATION_COMMENTS = YES;
				CLANG_WARN_EMPTY_BODY = YES;
				CLANG_WARN_ENUM_CONVERSION = YES;
				CLANG_WARN_INFINITE_RECURSION = YES;
				CLANG_WARN_INT_CONVERSION = YES;
				CLANG_WARN_OBJC_ROOT_CLASS = YES_ERROR;
				CLANG_WARN_SUSPICIOUS_MOVE = YES;
				CLANG_WARN_UNREACHABLE_CODE = YES;
				CLANG_WARN__DUPLICATE_METHOD_MATCH = YES;
				"CODE_SIGN_IDENTITY[sdk=iphoneos*]" = "iPhone Developer";
				COPY_PHASE_STRIP = NO;
				DEBUG_INFORMATION_FORMAT = "dwarf-with-dsym";
				ENABLE_NS_ASSERTIONS = NO;
				ENABLE_STRICT_OBJC_MSGSEND = YES;
				GCC_C_LANGUAGE_STANDARD = gnu99;
				GCC_NO_COMMON_BLOCKS = YES;
				GCC_WARN_64_TO_32_BIT_CONVERSION = YES;
				GCC_WARN_ABOUT_RETURN_TYPE = YES_ERROR;
				GCC_WARN_UNDECLARED_SELECTOR = YES;
				GCC_WARN_UNINITIALIZED_AUTOS = YES_AGGRESSIVE;
				GCC_WARN_UNUSED_FUNCTION = YES;
				GCC_WARN_UNUSED_VARIABLE = YES;
				IPHONEOS_DEPLOYMENT_TARGET = 10.2;
				MTL_ENABLE_DEBUG_INFO = NO;
				SDKROOT = iphoneos;
				SWIFT_OPTIMIZATION_LEVEL = "-Owholemodule";
				VALIDATE_PRODUCT = YES;
			};
			name = Release;
		};
		76ACECF71DE429C5004929AD /* Debug */ = {
			isa = XCBuildConfiguration;
			buildSettings = {
				ASSETCATALOG_COMPILER_APPICON_NAME = AppIcon;
				INFOPLIST_FILE = class1/Info.plist;
				LD_RUNPATH_SEARCH_PATHS = "$(inherited) @executable_path/Frameworks";
				PRODUCT_BUNDLE_IDENTIFIER = self.edu.class1;
				PRODUCT_NAME = "$(TARGET_NAME)";
				SWIFT_VERSION = 3.0;
			};
			name = Debug;
		};
		76ACECF81DE429C5004929AD /* Release */ = {
			isa = XCBuildConfiguration;
			buildSettings = {
				ASSETCATALOG_COMPILER_APPICON_NAME = AppIcon;
				INFOPLIST_FILE = class1/Info.plist;
				LD_RUNPATH_SEARCH_PATHS = "$(inherited) @executable_path/Frameworks";
				PRODUCT_BUNDLE_IDENTIFIER = self.edu.class1;
				PRODUCT_NAME = "$(TARGET_NAME)";
				SWIFT_VERSION = 3.0;
			};
			name = Release;
		};
/* End XCBuildConfiguration section */

/* Begin XCConfigurationList section */
		76ACECDF1DE429C4004929AD /* Build configuration list for PBXProject "class1" */ = {
			isa = XCConfigurationList;
			buildConfigurations = (
				76ACECF41DE429C5004929AD /* Debug */,
				76ACECF51DE429C5004929AD /* Release */,
			);
			defaultConfigurationIsVisible = 0;
			defaultConfigurationName = Release;
		};
		76ACECF61DE429C5004929AD /* Build configuration list for PBXNativeTarget "class1" */ = {
			isa = XCConfigurationList;
			buildConfigurations = (
				76ACECF71DE429C5004929AD /* Debug */,
				76ACECF81DE429C5004929AD /* Release */,
			);
			defaultConfigurationIsVisible = 0;
		};
/* End XCConfigurationList section */
	};
	rootObject = 76ACECDC1DE429C4004929AD /* Project object */;
}
