// !$*UTF8*$!
{
	archiveVersion = 1;
	classes = {
	};
	objectVersion = 46;
	objects = {

/* Begin PBXBuildFile section */
		760ACC681DE87F2600F91E14 /* ShowMemoTableViewController.swift in Sources */ = {isa = PBXBuildFile; fileRef = 760ACC671DE87F2600F91E14 /* ShowMemoTableViewController.swift */; };
		762123D51DE92DD60034EEE7 /* MemoListTableViewCell.swift in Sources */ = {isa = PBXBuildFile; fileRef = 762123D41DE92DD60034EEE7 /* MemoListTableViewCell.swift */; };
		762123D71DE930C80034EEE7 /* Memo.swift in Sources */ = {isa = PBXBuildFile; fileRef = 762123D61DE930C80034EEE7 /* Memo.swift */; };
		765F598D1DE7321100877DCC /* AppDelegate.swift in Sources */ = {isa = PBXBuildFile; fileRef = 765F598C1DE7321100877DCC /* AppDelegate.swift */; };
		765F59921DE7321100877DCC /* Main.storyboard in Resources */ = {isa = PBXBuildFile; fileRef = 765F59901DE7321100877DCC /* Main.storyboard */; };
		765F59941DE7321100877DCC /* Assets.xcassets in Resources */ = {isa = PBXBuildFile; fileRef = 765F59931DE7321100877DCC /* Assets.xcassets */; };
		765F59971DE7321100877DCC /* LaunchScreen.storyboard in Resources */ = {isa = PBXBuildFile; fileRef = 765F59951DE7321100877DCC /* LaunchScreen.storyboard */; };
		D250A4B91DE9551500F23696 /* EditMemoViewController.swift in Sources */ = {isa = PBXBuildFile; fileRef = D250A4B81DE9551500F23696 /* EditMemoViewController.swift */; };
/* End PBXBuildFile section */

/* Begin PBXFileReference section */
		760ACC671DE87F2600F91E14 /* ShowMemoTableViewController.swift */ = {isa = PBXFileReference; fileEncoding = 4; lastKnownFileType = sourcecode.swift; path = ShowMemoTableViewController.swift; sourceTree = "<group>"; };
		762123D41DE92DD60034EEE7 /* MemoListTableViewCell.swift */ = {isa = PBXFileReference; fileEncoding = 4; lastKnownFileType = sourcecode.swift; path = MemoListTableViewCell.swift; sourceTree = "<group>"; };
		762123D61DE930C80034EEE7 /* Memo.swift */ = {isa = PBXFileReference; fileEncoding = 4; lastKnownFileType = sourcecode.swift; path = Memo.swift; sourceTree = "<group>"; };
		765F59891DE7321100877DCC /* Memo.app */ = {isa = PBXFileReference; explicitFileType = wrapper.application; includeInIndex = 0; path = Memo.app; sourceTree = BUILT_PRODUCTS_DIR; };
		765F598C1DE7321100877DCC /* AppDelegate.swift */ = {isa = PBXFileReference; lastKnownFileType = sourcecode.swift; path = AppDelegate.swift; sourceTree = "<group>"; };
		765F59911DE7321100877DCC /* Base */ = {isa = PBXFileReference; lastKnownFileType = file.storyboard; name = Base; path = Base.lproj/Main.storyboard; sourceTree = "<group>"; };
		765F59931DE7321100877DCC /* Assets.xcassets */ = {isa = PBXFileReference; lastKnownFileType = folder.assetcatalog; path = Assets.xcassets; sourceTree = "<group>"; };
		765F59961DE7321100877DCC /* Base */ = {isa = PBXFileReference; lastKnownFileType = file.storyboard; name = Base; path = Base.lproj/LaunchScreen.storyboard; sourceTree = "<group>"; };
		765F59981DE7321100877DCC /* Info.plist */ = {isa = PBXFileReference; lastKnownFileType = text.plist.xml; path = Info.plist; sourceTree = "<group>"; };
		D250A4B81DE9551500F23696 /* EditMemoViewController.swift */ = {isa = PBXFileReference; fileEncoding = 4; lastKnownFileType = sourcecode.swift; path = EditMemoViewController.swift; sourceTree = "<group>"; };
/* End PBXFileReference section */

/* Begin PBXFrameworksBuildPhase section */
		765F59861DE7321100877DCC /* Frameworks */ = {
			isa = PBXFrameworksBuildPhase;
			buildActionMask = 2147483647;
			files = (
			);
			runOnlyForDeploymentPostprocessing = 0;
		};
/* End PBXFrameworksBuildPhase section */

/* Begin PBXGroup section */
		765F59801DE7321100877DCC = {
			isa = PBXGroup;
			children = (
				765F598B1DE7321100877DCC /* Memo */,
				765F598A1DE7321100877DCC /* Products */,
			);
			sourceTree = "<group>";
		};
		765F598A1DE7321100877DCC /* Products */ = {
			isa = PBXGroup;
			children = (
				765F59891DE7321100877DCC /* Memo.app */,
			);
			name = Products;
			sourceTree = "<group>";
		};
		765F598B1DE7321100877DCC /* Memo */ = {
			isa = PBXGroup;
			children = (
				760ACC671DE87F2600F91E14 /* ShowMemoTableViewController.swift */,
				D250A4B81DE9551500F23696 /* EditMemoViewController.swift */,
				762123D41DE92DD60034EEE7 /* MemoListTableViewCell.swift */,
				762123D61DE930C80034EEE7 /* Memo.swift */,
				765F598C1DE7321100877DCC /* AppDelegate.swift */,
				765F59901DE7321100877DCC /* Main.storyboard */,
				765F59931DE7321100877DCC /* Assets.xcassets */,
				765F59951DE7321100877DCC /* LaunchScreen.storyboard */,
				765F59981DE7321100877DCC /* Info.plist */,
			);
			path = Memo;
			sourceTree = "<group>";
		};
/* End PBXGroup section */

/* Begin PBXNativeTarget section */
		765F59881DE7321100877DCC /* Memo */ = {
			isa = PBXNativeTarget;
			buildConfigurationList = 765F599B1DE7321100877DCC /* Build configuration list for PBXNativeTarget "Memo" */;
			buildPhases = (
				765F59851DE7321100877DCC /* Sources */,
				765F59861DE7321100877DCC /* Frameworks */,
				765F59871DE7321100877DCC /* Resources */,
			);
			buildRules = (
			);
			dependencies = (
			);
			name = Memo;
			productName = Memo;
			productReference = 765F59891DE7321100877DCC /* Memo.app */;
			productType = "com.apple.product-type.application";
		};
/* End PBXNativeTarget section */

/* Begin PBXProject section */
		765F59811DE7321100877DCC /* Project object */ = {
			isa = PBXProject;
			attributes = {
				LastSwiftUpdateCheck = 0820;
				LastUpgradeCheck = 0820;
				ORGANIZATIONNAME = Liu;
				TargetAttributes = {
					765F59881DE7321100877DCC = {
						CreatedOnToolsVersion = 8.2;
						ProvisioningStyle = Automatic;
					};
				};
			};
			buildConfigurationList = 765F59841DE7321100877DCC /* Build configuration list for PBXProject "Memo" */;
			compatibilityVersion = "Xcode 3.2";
			developmentRegion = English;
			hasScannedForEncodings = 0;
			knownRegions = (
				en,
				Base,
			);
			mainGroup = 765F59801DE7321100877DCC;
			productRefGroup = 765F598A1DE7321100877DCC /* Products */;
			projectDirPath = "";
			projectRoot = "";
			targets = (
				765F59881DE7321100877DCC /* Memo */,
			);
		};
/* End PBXProject section */

/* Begin PBXResourcesBuildPhase section */
		765F59871DE7321100877DCC /* Resources */ = {
			isa = PBXResourcesBuildPhase;
			buildActionMask = 2147483647;
			files = (
				765F59971DE7321100877DCC /* LaunchScreen.storyboard in Resources */,
				765F59941DE7321100877DCC /* Assets.xcassets in Resources */,
				765F59921DE7321100877DCC /* Main.storyboard in Resources */,
			);
			runOnlyForDeploymentPostprocessing = 0;
		};
/* End PBXResourcesBuildPhase section */

/* Begin PBXSourcesBuildPhase section */
		765F59851DE7321100877DCC /* Sources */ = {
			isa = PBXSourcesBuildPhase;
			buildActionMask = 2147483647;
			files = (
				760ACC681DE87F2600F91E14 /* ShowMemoTableViewController.swift in Sources */,
				762123D71DE930C80034EEE7 /* Memo.swift in Sources */,
				762123D51DE92DD60034EEE7 /* MemoListTableViewCell.swift in Sources */,
				D250A4B91DE9551500F23696 /* EditMemoViewController.swift in Sources */,
				765F598D1DE7321100877DCC /* AppDelegate.swift in Sources */,
			);
			runOnlyForDeploymentPostprocessing = 0;
		};
/* End PBXSourcesBuildPhase section */

/* Begin PBXVariantGroup section */
		765F59901DE7321100877DCC /* Main.storyboard */ = {
			isa = PBXVariantGroup;
			children = (
				765F59911DE7321100877DCC /* Base */,
			);
			name = Main.storyboard;
			sourceTree = "<group>";
		};
		765F59951DE7321100877DCC /* LaunchScreen.storyboard */ = {
			isa = PBXVariantGroup;
			children = (
				765F59961DE7321100877DCC /* Base */,
			);
			name = LaunchScreen.storyboard;
			sourceTree = "<group>";
		};
/* End PBXVariantGroup section */

/* Begin XCBuildConfiguration section */
		765F59991DE7321100877DCC /* Debug */ = {
			isa = XCBuildConfiguration;
			buildSettings = {
				ALWAYS_SEARCH_USER_PATHS = NO;
				CLANG_ANALYZER_NONNULL = YES;
				CLANG_CXX_LANGUAGE_STANDARD = "gnu++0x";
				CLANG_CXX_LIBRARY = "libc++";
				CLANG_ENABLE_MODULES = YES;
				CLANG_ENABLE_OBJC_ARC = YES;
				CLANG_WARN_BOOL_CONVERSION = YES;
				CLANG_WARN_CONSTANT_CONVERSION = YES;
				CLANG_WARN_DIRECT_OBJC_ISA_USAGE = YES_ERROR;
				CLANG_WARN_DOCUMENTATION_COMMENTS = YES;
				CLANG_WARN_EMPTY_BODY = YES;
				CLANG_WARN_ENUM_CONVERSION = YES;
				CLANG_WARN_INFINITE_RECURSION = YES;
				CLANG_WARN_INT_CONVERSION = YES;
				CLANG_WARN_OBJC_ROOT_CLASS = YES_ERROR;
				CLANG_WARN_SUSPICIOUS_MOVE = YES;
				CLANG_WARN_UNREACHABLE_CODE = YES;
				CLANG_WARN__DUPLICATE_METHOD_MATCH = YES;
				"CODE_SIGN_IDENTITY[sdk=iphoneos*]" = "iPhone Developer";
				COPY_PHASE_STRIP = NO;
				DEBUG_INFORMATION_FORMAT = dwarf;
				ENABLE_STRICT_OBJC_MSGSEND = YES;
				ENABLE_TESTABILITY = YES;
				GCC_C_LANGUAGE_STANDARD = gnu99;
				GCC_DYNAMIC_NO_PIC = NO;
				GCC_NO_COMMON_BLOCKS = YES;
				GCC_OPTIMIZATION_LEVEL = 0;
				GCC_PREPROCESSOR_DEFINITIONS = (
					"DEBUG=1",
					"$(inherited)",
				);
				GCC_WARN_64_TO_32_BIT_CONVERSION = YES;
				GCC_WARN_ABOUT_RETURN_TYPE = YES_ERROR;
				GCC_WARN_UNDECLARED_SELECTOR = YES;
				GCC_WARN_UNINITIALIZED_AUTOS = YES_AGGRESSIVE;
				GCC_WARN_UNUSED_FUNCTION = YES;
				GCC_WARN_UNUSED_VARIABLE = YES;
				IPHONEOS_DEPLOYMENT_TARGET = 10.2;
				MTL_ENABLE_DEBUG_INFO = YES;
				ONLY_ACTIVE_ARCH = YES;
				SDKROOT = iphoneos;
				SWIFT_ACTIVE_COMPILATION_CONDITIONS = DEBUG;
				SWIFT_OPTIMIZATION_LEVEL = "-Onone";
			};
			name = Debug;
		};
		765F599A1DE7321100877DCC /* Release */ = {
			isa = XCBuildConfiguration;
			buildSettings = {
				ALWAYS_SEARCH_USER_PATHS = NO;
				CLANG_ANALYZER_NONNULL = YES;
				CLANG_CXX_LANGUAGE_STANDARD = "gnu++0x";
				CLANG_CXX_LIBRARY = "libc++";
				CLANG_ENABLE_MODULES = YES;
				CLANG_ENABLE_OBJC_ARC = YES;
				CLANG_WARN_BOOL_CONVERSION = YES;
				CLANG_WARN_CONSTANT_CONVERSION = YES;
				CLANG_WARN_DIRECT_OBJC_ISA_USAGE = YES_ERROR;
				CLANG_WARN_DOCUMENTATION_COMMENTS = YES;
				CLANG_WARN_EMPTY_BODY = YES;
				CLANG_WARN_ENUM_CONVERSION = YES;
				CLANG_WARN_INFINITE_RECURSION = YES;
				CLANG_WARN_INT_CONVERSION = YES;
				CLANG_WARN_OBJC_ROOT_CLASS = YES_ERROR;
				CLANG_WARN_SUSPICIOUS_MOVE = YES;
				CLANG_WARN_UNREACHABLE_CODE = YES;
				CLANG_WARN__DUPLICATE_METHOD_MATCH = YES;
				"CODE_SIGN_IDENTITY[sdk=iphoneos*]" = "iPhone Developer";
				COPY_PHASE_STRIP = NO;
				DEBUG_INFORMATION_FORMAT = "dwarf-with-dsym";
				ENABLE_NS_ASSERTIONS = NO;
				ENABLE_STRICT_OBJC_MSGSEND = YES;
				GCC_C_LANGUAGE_STANDARD = gnu99;
				GCC_NO_COMMON_BLOCKS = YES;
				GCC_WARN_64_TO_32_BIT_CONVERSION = YES;
				GCC_WARN_ABOUT_RETURN_TYPE = YES_ERROR;
				GCC_WARN_UNDECLARED_SELECTOR = YES;
				GCC_WARN_UNINITIALIZED_AUTOS = YES_AGGRESSIVE;
				GCC_WARN_UNUSED_FUNCTION = YES;
				GCC_WARN_UNUSED_VARIABLE = YES;
				IPHONEOS_DEPLOYMENT_TARGET = 10.2;
				MTL_ENABLE_DEBUG_INFO = NO;
				SDKROOT = iphoneos;
				SWIFT_OPTIMIZATION_LEVEL = "-Owholemodule";
				VALIDATE_PRODUCT = YES;
			};
			name = Release;
		};
		765F599C1DE7321100877DCC /* Debug */ = {
			isa = XCBuildConfiguration;
			buildSettings = {
				ASSETCATALOG_COMPILER_APPICON_NAME = AppIcon;
				INFOPLIST_FILE = Memo/Info.plist;
				LD_RUNPATH_SEARCH_PATHS = "$(inherited) @executable_path/Frameworks";
				PRODUCT_BUNDLE_IDENTIFIER = self.edu.Memo;
				PRODUCT_NAME = "$(TARGET_NAME)";
				SWIFT_VERSION = 3.0;
			};
			name = Debug;
		};
		765F599D1DE7321100877DCC /* Release */ = {
			isa = XCBuildConfiguration;
			buildSettings = {
				ASSETCATALOG_COMPILER_APPICON_NAME = AppIcon;
				INFOPLIST_FILE = Memo/Info.plist;
				LD_RUNPATH_SEARCH_PATHS = "$(inherited) @executable_path/Frameworks";
				PRODUCT_BUNDLE_IDENTIFIER = self.edu.Memo;
				PRODUCT_NAME = "$(TARGET_NAME)";
				SWIFT_VERSION = 3.0;
			};
			name = Release;
		};
/* End XCBuildConfiguration section */

/* Begin XCConfigurationList section */
		765F59841DE7321100877DCC /* Build configuration list for PBXProject "Memo" */ = {
			isa = XCConfigurationList;
			buildConfigurations = (
				765F59991DE7321100877DCC /* Debug */,
				765F599A1DE7321100877DCC /* Release */,
			);
			defaultConfigurationIsVisible = 0;
			defaultConfigurationName = Release;
		};
		765F599B1DE7321100877DCC /* Build configuration list for PBXNativeTarget "Memo" */ = {
			isa = XCConfigurationList;
			buildConfigurations = (
				765F599C1DE7321100877DCC /* Debug */,
				765F599D1DE7321100877DCC /* Release */,
			);
			defaultConfigurationIsVisible = 0;
			defaultConfigurationName = Release;
		};
/* End XCConfigurationList section */
	};
	rootObject = 765F59811DE7321100877DCC /* Project object */;
}
